
Microsoft Visual Studio Solution File, Format Version 12.00
# Visual Studio Version 17
VisualStudioVersion = 17.0.32014.148
MinimumVisualStudioVersion = 10.0.40219.1
Project("{FAE04EC0-301F-11D3-BF4B-00C04F79EFBC}") = "RegexMatching", "RegexMatching.csproj", "{7564659E-F078-4ED6-9442-2980BF3E3C8F}"
EndProject
Global
	GlobalSection(SolutionConfigurationPlatforms) = preSolution
		Debug|Any CPU = Debug|Any CPU
		Release|Any CPU = Release|Any CPU
	EndGlobalSection
	GlobalSection(ProjectConfigurationPlatforms) = postSolution
		{7564659E-F078-4ED6-9442-2980BF3E3C8F}.Debug|Any CPU.ActiveCfg = Debug|Any CPU
		{7564659E-F078-4ED6-9442-2980BF3E3C8F}.Debug|Any CPU.Build.0 = Debug|Any CPU
		{7564659E-F078-4ED6-9442-2980BF3E3C8F}.Release|Any CPU.ActiveCfg = Release|Any CPU
		{7564659E-F078-4ED6-9442-2980BF3E3C8F}.Release|Any CPU.Build.0 = Release|Any CPU
	EndGlobalSection
	GlobalSection(SolutionProperties) = preSolution
		HideSolutionNode = FALSE
	EndGlobalSection
	GlobalSection(ExtensibilityGlobals) = postSolution
		SolutionGuid = {400C567F-D5C9-48C7-BCCC-69FB46E152CE}
	EndGlobalSection
EndGlobal
